<Solution>
  <Folder Name="/Rapor/">
    <File Path="../../../Desktop/eda_har_odev5_rapor.pdf" />
    <File Path="proje.txt" />
  </Folder>
  <Project Path="ConsoleApp/ConsoleApp.csproj">
    <BuildDependency Project="EdaOdev5/EdaOdev5.csproj" />
  </Project>
  <Project Path="EdaOdev5/EdaOdev5.csproj" />
</Solution>
